{
    "_readme": [
        "This file locks the dependencies of your project to a known state",
        "Read more about it at https://getcomposer.org/doc/01-basic-usage.md#installing-dependencies",
        "This file is @generated automatically"
    ],
    "content-hash": "bd1a77b3bf0602edffc6b9d80823bd4b",
    "packages": [
        {
            "name": "athari/yalinqo",
            "version": "v2.5.0",
            "source": {
                "type": "git",
                "url": "https://github.com/Athari/YaLinqo.git",
                "reference": "f837af690830fb35904c7b6a5f33052e46b86e57"
            },
            "dist": {
                "type": "zip",
                "url": "https://api.github.com/repos/Athari/YaLinqo/zipball/f837af690830fb35904c7b6a5f33052e46b86e57",
                "reference": "f837af690830fb35904c7b6a5f33052e46b86e57",
                "shasum": ""
            },
            "require": {
                "php": ">=5.5"
            },
            "conflict": {
                "phpunit/php-timer": ">=2"
            },
            "require-dev": {
                "php-coveralls/php-coveralls": "^2.5",
                "phpdocumentor/phpdocumentor": "^2.8",
                "phpunit/phpunit": "<6"
            },
            "type": "library",
            "extra": {
                "branch-alias": {
                    "dev-master": "2.x-dev"
                }
            },
            "autoload": {
                "files": [
                    "YaLinqo/Linq.php"
                ],
                "psr-4": {
                    "YaLinqo\\": "YaLinqo/"
                }
            },
            "notification-url": "https://packagist.org/downloads/",
            "license": [
                "BSD-2-Clause"
            ],
            "authors": [
                {
                    "name": "Alexander Prokhorov",
                    "homepage": "https://github.com/Athari/"
                }
            ],
            "description": "YaLinqo, a LINQ-to-objects library for PHP",
            "homepage": "http://athari.github.io/YaLinqo",
            "keywords": [
                "linq",
                "linqo",
                "query",
                "statistic"
            ],
            "support": {
                "docs": "http://athari.github.io/YaLinqo",
                "issues": "https://github.com/Athari/YaLinqo/issues",
                "source": "https://github.com/Athari/YaLinqo"
            },
            "time": "2023-07-11T15:51:42+00:00"
        }
    ],
    "packages-dev": [],
    "aliases": [],
    "minimum-stability": "stable",
    "stability-flags": [],
    "prefer-stable": false,
    "prefer-lowest": false,
    "platform": [],
    "platform-dev": [],
    "plugin-api-version": "2.6.0"
}
